<?xml version="1.0" encoding="utf-8"?>
<Project ToolsVersion="4.0" xmlns="http://schemas.microsoft.com/developer/msbuild/2003">
  <ItemGroup>
    <Filter Include="Quelldateien">
      <UniqueIdentifier>{4FC737F1-C7A5-4376-A066-2A32D752A2FF}</UniqueIdentifier>
      <Extensions>cpp;c;cc;cxx;c++;cppm;ixx;def;odl;idl;hpj;bat;asm;asmx</Extensions>
    </Filter>
    <Filter Include="Headerdateien">
      <UniqueIdentifier>{93995380-89BD-4b04-88EB-625FBE52EBFB}</UniqueIdentifier>
      <Extensions>h;hh;hpp;hxx;h++;hm;inl;inc;ipp;xsd</Extensions>
    </Filter>
    <Filter Include="Ressourcendateien">
      <UniqueIdentifier>{67DA6AB6-F800-4c08-8B7A-83BB121AAD01}</UniqueIdentifier>
      <Extensions>rc;ico;cur;bmp;dlg;rc2;rct;bin;rgs;gif;jpg;jpeg;jpe;resx;tiff;tif;png;wav;mfcribbon-ms</Extensions>
    </Filter>
  </ItemGroup>
  <ItemGroup>
    <ClInclude Include="framework.h">
      <Filter>Headerdateien</Filter>
    </ClInclude>
    <ClInclude Include="SHOOK.h">
      <Filter>Headerdateien</Filter>
    </ClInclude>
    <ClInclude Include="stdafx.h">
      <Filter>Headerdateien</Filter>
    </ClInclude>
    <ClInclude Include="swbf.pb.h">
      <Filter>Headerdateien</Filter>
    </ClInclude>
    <ClInclude Include="IPCCommucator.h">
      <Filter>Headerdateien</Filter>
    </ClInclude>
    <ClInclude Include="IListenerRegistrar.h">
      <Filter>Headerdateien</Filter>
    </ClInclude>
    <ClInclude Include="ExtRegistrar.h">
      <Filter>Headerdateien</Filter>
    </ClInclude>
    <ClInclude Include="IListenerType.h">
      <Filter>Headerdateien</Filter>
    </ClInclude>
    <ClInclude Include="ILobbyCreatedListener.h">
      <Filter>Headerdateien</Filter>
    </ClInclude>
    <ClInclude Include="IGalaxyListener.h">
      <Filter>Headerdateien</Filter>
    </ClInclude>
    <ClInclude Include="ILobbyCreateResult.h">
      <Filter>Headerdateien</Filter>
    </ClInclude>
    <ClInclude Include="IGalaxyID.h">
      <Filter>Headerdateien</Filter>
    </ClInclude>
    <ClInclude Include="ExtLobbyCreatedListener.h">
      <Filter>Headerdateien</Filter>
    </ClInclude>
    <ClInclude Include="IGalaxyInitOptions.h">
      <Filter>Headerdateien</Filter>
    </ClInclude>
    <ClInclude Include="IIDType.h">
      <Filter>Headerdateien</Filter>
    </ClInclude>
    <ClInclude Include="swbflogger.pb.h">
      <Filter>Headerdateien</Filter>
    </ClInclude>
    <ClInclude Include="IMatchmaking.h">
      <Filter>Headerdateien</Filter>
    </ClInclude>
    <ClInclude Include="ILobbyType.h">
      <Filter>Headerdateien</Filter>
    </ClInclude>
    <ClInclude Include="ILobbyTopologyType.h">
      <Filter>Headerdateien</Filter>
    </ClInclude>
    <ClInclude Include="ILobbyComparisonType.h">
      <Filter>Headerdateien</Filter>
    </ClInclude>
    <ClInclude Include="ILobbyDataRetrieveListener.h">
      <Filter>Headerdateien</Filter>
    </ClInclude>
    <ClInclude Include="IFailureReason.h">
      <Filter>Headerdateien</Filter>
    </ClInclude>
    <ClInclude Include="ILobbyMemberDataUpdateListener.h">
      <Filter>Headerdateien</Filter>
    </ClInclude>
    <ClInclude Include="ILobbyMemberStateListener.h">
      <Filter>Headerdateien</Filter>
    </ClInclude>
    <ClInclude Include="ILobbyMemberStateChange.h">
      <Filter>Headerdateien</Filter>
    </ClInclude>
    <ClInclude Include="ExtMemberStateListener.h">
      <Filter>Headerdateien</Filter>
    </ClInclude>
    <ClInclude Include="ExtLobbyDataListenerWhenMemberJoined.h">
      <Filter>Headerdateien</Filter>
    </ClInclude>
    <ClInclude Include="ExtMemberUpdateListener.h">
      <Filter>Headerdateien</Filter>
    </ClInclude>
    <ClInclude Include="ILobbyDataListener.h">
      <Filter>Headerdateien</Filter>
    </ClInclude>
    <ClInclude Include="ExtLobbyDataListener.h">
      <Filter>Headerdateien</Filter>
    </ClInclude>
    <ClInclude Include="IFriends.h">
      <Filter>Headerdateien</Filter>
    </ClInclude>
    <ClInclude Include="INetworking.h">
      <Filter>Headerdateien</Filter>
    </ClInclude>
    <ClInclude Include="ExtNetworking.h">
      <Filter>Headerdateien</Filter>
    </ClInclude>
    <ClInclude Include="ILobbyMessageListener.h">
      <Filter>Headerdateien</Filter>
    </ClInclude>
    <ClInclude Include="ExtLobbyMessageListener.h">
      <Filter>Headerdateien</Filter>
    </ClInclude>
    <ClInclude Include="INetworkingListener.h">
      <Filter>Headerdateien</Filter>
    </ClInclude>
    <ClInclude Include="ExtNetworkingListener.h">
      <Filter>Headerdateien</Filter>
    </ClInclude>
  </ItemGroup>
  <ItemGroup>
    <ClCompile Include="dllmain.cpp">
      <Filter>Quelldateien</Filter>
    </ClCompile>
    <ClCompile Include="SHOOK.cpp">
      <Filter>Quelldateien</Filter>
    </ClCompile>
    <ClCompile Include="stdafx.cpp">
      <Filter>Quelldateien</Filter>
    </ClCompile>
    <ClCompile Include="swbf.pb.cc">
      <Filter>Quelldateien</Filter>
    </ClCompile>
    <ClCompile Include="IPCCommucator.cpp">
      <Filter>Quelldateien</Filter>
    </ClCompile>
    <ClCompile Include="IListenerRegistrar.cpp">
      <Filter>Quelldateien</Filter>
    </ClCompile>
    <ClCompile Include="ExtRegistrar.cpp">
      <Filter>Quelldateien</Filter>
    </ClCompile>
    <ClCompile Include="IListenerType.cpp">
      <Filter>Quelldateien</Filter>
    </ClCompile>
    <ClCompile Include="ILobbyCreatedListener.cpp">
      <Filter>Quelldateien</Filter>
    </ClCompile>
    <ClCompile Include="IGalaxyListener.cpp">
      <Filter>Quelldateien</Filter>
    </ClCompile>
    <ClCompile Include="ILobbyCreateResult.cpp">
      <Filter>Quelldateien</Filter>
    </ClCompile>
    <ClCompile Include="IGalaxyID.cpp">
      <Filter>Quelldateien</Filter>
    </ClCompile>
    <ClCompile Include="ExtLobbyCreatedListener.cpp">
      <Filter>Quelldateien</Filter>
    </ClCompile>
    <ClCompile Include="IGalaxyInitOptions.cpp">
      <Filter>Quelldateien</Filter>
    </ClCompile>
    <ClCompile Include="IIDType.cpp">
      <Filter>Quelldateien</Filter>
    </ClCompile>
    <ClCompile Include="swbflogger.pb.cc">
      <Filter>Quelldateien</Filter>
    </ClCompile>
    <ClCompile Include="IMatchmaking.cpp">
      <Filter>Quelldateien</Filter>
    </ClCompile>
    <ClCompile Include="ILobbyType.cpp">
      <Filter>Quelldateien</Filter>
    </ClCompile>
    <ClCompile Include="ILobbyTopologyType.cpp">
      <Filter>Quelldateien</Filter>
    </ClCompile>
    <ClCompile Include="ILobbyComparisonType.cpp">
      <Filter>Quelldateien</Filter>
    </ClCompile>
    <ClCompile Include="ILobbyDataRetrieveListener.cpp">
      <Filter>Quelldateien</Filter>
    </ClCompile>
    <ClCompile Include="IFailureReason.cpp">
      <Filter>Quelldateien</Filter>
    </ClCompile>
    <ClCompile Include="ILobbyMemberDataUpdateListener.cpp">
      <Filter>Quelldateien</Filter>
    </ClCompile>
    <ClCompile Include="ILobbyMemberStateListener.cpp">
      <Filter>Quelldateien</Filter>
    </ClCompile>
    <ClCompile Include="ILobbyMemberStateChange.cpp">
      <Filter>Quelldateien</Filter>
    </ClCompile>
    <ClCompile Include="ExtMemberStateListener.cpp">
      <Filter>Quelldateien</Filter>
    </ClCompile>
    <ClCompile Include="ExtLobbyDataListenerWhenMemberJoined.cpp">
      <Filter>Quelldateien</Filter>
    </ClCompile>
    <ClCompile Include="ExtMemberUpdateListener.cpp">
      <Filter>Quelldateien</Filter>
    </ClCompile>
    <ClCompile Include="ILobbyDataListener.cpp">
      <Filter>Quelldateien</Filter>
    </ClCompile>
    <ClCompile Include="ExtLobbyDataListener.cpp">
      <Filter>Quelldateien</Filter>
    </ClCompile>
    <ClCompile Include="IFriends.cpp">
      <Filter>Quelldateien</Filter>
    </ClCompile>
    <ClCompile Include="INetworking.cpp">
      <Filter>Quelldateien</Filter>
    </ClCompile>
    <ClCompile Include="ExtNetworking.cpp">
      <Filter>Quelldateien</Filter>
    </ClCompile>
    <ClCompile Include="ILobbyMessageListener.cpp">
      <Filter>Quelldateien</Filter>
    </ClCompile>
    <ClCompile Include="ExtLobbyMessageListener.cpp">
      <Filter>Quelldateien</Filter>
    </ClCompile>
    <ClCompile Include="INetworkingListener.cpp">
      <Filter>Quelldateien</Filter>
    </ClCompile>
    <ClCompile Include="ExtNetworkingListener.cpp">
      <Filter>Quelldateien</Filter>
    </ClCompile>
  </ItemGroup>
  <ItemGroup>
    <None Include="packages.config" />
    <None Include="EasyHook32.dll" />
  </ItemGroup>
  <ItemGroup>
    <Library Include="libprotobuf.lib" />
    <Library Include="EasyHook32.lib" />
    <Library Include="RakNet_VS2008_LibStatic_Release_Win32.lib" />
  </ItemGroup>
</Project>